<?xml version="1.0" encoding="UTF-8" standalone="yes" ?>
<CodeBlocks_project_file>
   <FileVersion major="1" minor="6" />
   <Project>
      <Option title="Network" />
      <Option makefile_is_custom="1" />
      <Option compiler="gcc" />
      <Option virtualFolders="CMake Files\;" />
      <Build>
      <Target title="all">
         <Option working_dir="/home/wurmel_a/rendu/cpp_babel/Network" />
         <Option type="4" />
         <MakeCommands>
            <Build command="/usr/bin/make -f &quot;/home/wurmel_a/rendu/cpp_babel/Network/Makefile&quot;  VERBOSE=1 all" />
            <CompileFile command="/usr/bin/make -f &quot;/home/wurmel_a/rendu/cpp_babel/Network/Makefile&quot;  VERBOSE=1 &quot;$file&quot;" />
            <Clean command="/usr/bin/make -f &quot;/home/wurmel_a/rendu/cpp_babel/Network/Makefile&quot;  VERBOSE=1 clean" />
            <DistClean command="/usr/bin/make -f &quot;/home/wurmel_a/rendu/cpp_babel/Network/Makefile&quot;  VERBOSE=1 clean" />
         </MakeCommands>
      </Target>
      <Target title="edit_cache">
         <Option working_dir="/home/wurmel_a/rendu/cpp_babel/Network" />
         <Option type="4" />
         <MakeCommands>
            <Build command="/usr/bin/make -f &quot;/home/wurmel_a/rendu/cpp_babel/Network/Makefile&quot;  VERBOSE=1 edit_cache" />
            <CompileFile command="/usr/bin/make -f &quot;/home/wurmel_a/rendu/cpp_babel/Network/Makefile&quot;  VERBOSE=1 &quot;$file&quot;" />
            <Clean command="/usr/bin/make -f &quot;/home/wurmel_a/rendu/cpp_babel/Network/Makefile&quot;  VERBOSE=1 clean" />
            <DistClean command="/usr/bin/make -f &quot;/home/wurmel_a/rendu/cpp_babel/Network/Makefile&quot;  VERBOSE=1 clean" />
         </MakeCommands>
      </Target>
      <Target title="rebuild_cache">
         <Option working_dir="/home/wurmel_a/rendu/cpp_babel/Network" />
         <Option type="4" />
         <MakeCommands>
            <Build command="/usr/bin/make -f &quot;/home/wurmel_a/rendu/cpp_babel/Network/Makefile&quot;  VERBOSE=1 rebuild_cache" />
            <CompileFile command="/usr/bin/make -f &quot;/home/wurmel_a/rendu/cpp_babel/Network/Makefile&quot;  VERBOSE=1 &quot;$file&quot;" />
            <Clean command="/usr/bin/make -f &quot;/home/wurmel_a/rendu/cpp_babel/Network/Makefile&quot;  VERBOSE=1 clean" />
            <DistClean command="/usr/bin/make -f &quot;/home/wurmel_a/rendu/cpp_babel/Network/Makefile&quot;  VERBOSE=1 clean" />
         </MakeCommands>
      </Target>
      <Target title="Network">
         <Option output="/home/wurmel_a/rendu/cpp_babel/Network/Network" prefix_auto="0" extension_auto="0" />
         <Option working_dir="/home/wurmel_a/rendu/cpp_babel/Network" />
         <Option object_output="./" />
         <Option type="1" />
         <Option compiler="gcc" />
         <Compiler>
            <Add directory="/home/wurmel_a/rendu/cpp_babel/Network/./Logger" />
            <Add directory="/home/wurmel_a/rendu/cpp_babel/Network/./Serveur" />
            <Add directory="/home/wurmel_a/rendu/cpp_babel/Network/./Serveur/Abstract" />
            <Add directory="/home/wurmel_a/rendu/cpp_babel/Network/./Session" />
            <Add directory="/home/wurmel_a/rendu/cpp_babel/Network/./Session/Message" />
            <Add directory="/usr/include" />
            <Add directory="/usr/include/c++/5" />
            <Add directory="/usr/include/c++/5/backward" />
            <Add directory="/usr/include/x86_64-linux-gnu" />
            <Add directory="/usr/include/x86_64-linux-gnu/c++/5" />
            <Add directory="/usr/lib/gcc/x86_64-linux-gnu/5/include" />
            <Add directory="/usr/lib/gcc/x86_64-linux-gnu/5/include-fixed" />
            <Add directory="/usr/local/include" />
         </Compiler>
         <MakeCommands>
            <Build command="/usr/bin/make -f &quot;/home/wurmel_a/rendu/cpp_babel/Network/Makefile&quot;  VERBOSE=1 Network" />
            <CompileFile command="/usr/bin/make -f &quot;/home/wurmel_a/rendu/cpp_babel/Network/Makefile&quot;  VERBOSE=1 &quot;$file&quot;" />
            <Clean command="/usr/bin/make -f &quot;/home/wurmel_a/rendu/cpp_babel/Network/Makefile&quot;  VERBOSE=1 clean" />
            <DistClean command="/usr/bin/make -f &quot;/home/wurmel_a/rendu/cpp_babel/Network/Makefile&quot;  VERBOSE=1 clean" />
         </MakeCommands>
      </Target>
      <Target title="Network/fast">
         <Option output="/home/wurmel_a/rendu/cpp_babel/Network/Network" prefix_auto="0" extension_auto="0" />
         <Option working_dir="/home/wurmel_a/rendu/cpp_babel/Network" />
         <Option object_output="./" />
         <Option type="1" />
         <Option compiler="gcc" />
         <Compiler>
            <Add directory="/home/wurmel_a/rendu/cpp_babel/Network/./Logger" />
            <Add directory="/home/wurmel_a/rendu/cpp_babel/Network/./Serveur" />
            <Add directory="/home/wurmel_a/rendu/cpp_babel/Network/./Serveur/Abstract" />
            <Add directory="/home/wurmel_a/rendu/cpp_babel/Network/./Session" />
            <Add directory="/home/wurmel_a/rendu/cpp_babel/Network/./Session/Message" />
            <Add directory="/usr/include" />
            <Add directory="/usr/include/c++/5" />
            <Add directory="/usr/include/c++/5/backward" />
            <Add directory="/usr/include/x86_64-linux-gnu" />
            <Add directory="/usr/include/x86_64-linux-gnu/c++/5" />
            <Add directory="/usr/lib/gcc/x86_64-linux-gnu/5/include" />
            <Add directory="/usr/lib/gcc/x86_64-linux-gnu/5/include-fixed" />
            <Add directory="/usr/local/include" />
         </Compiler>
         <MakeCommands>
            <Build command="/usr/bin/make -f &quot;/home/wurmel_a/rendu/cpp_babel/Network/Makefile&quot;  VERBOSE=1 Network/fast" />
            <CompileFile command="/usr/bin/make -f &quot;/home/wurmel_a/rendu/cpp_babel/Network/Makefile&quot;  VERBOSE=1 &quot;$file&quot;" />
            <Clean command="/usr/bin/make -f &quot;/home/wurmel_a/rendu/cpp_babel/Network/Makefile&quot;  VERBOSE=1 clean" />
            <DistClean command="/usr/bin/make -f &quot;/home/wurmel_a/rendu/cpp_babel/Network/Makefile&quot;  VERBOSE=1 clean" />
         </MakeCommands>
      </Target>
      </Build>
      <Unit filename="/home/wurmel_a/rendu/cpp_babel/Network/Logger/Logger.cpp">
         <Option target="Network"/>
      </Unit>
      <Unit filename="/home/wurmel_a/rendu/cpp_babel/Network/Logger/Logger.h">
         <Option target="Network"/>
      </Unit>
      <Unit filename="/home/wurmel_a/rendu/cpp_babel/Network/Serveur/Abstract/BoostAcceptor.cpp">
         <Option target="Network"/>
      </Unit>
      <Unit filename="/home/wurmel_a/rendu/cpp_babel/Network/Serveur/Abstract/BoostAcceptor.h">
         <Option target="Network"/>
      </Unit>
      <Unit filename="/home/wurmel_a/rendu/cpp_babel/Network/Serveur/Abstract/BoostSocket.cpp">
         <Option target="Network"/>
      </Unit>
      <Unit filename="/home/wurmel_a/rendu/cpp_babel/Network/Serveur/Abstract/BoostSocket.h">
         <Option target="Network"/>
      </Unit>
      <Unit filename="/home/wurmel_a/rendu/cpp_babel/Network/Serveur/Abstract/ISocket.cpp">
         <Option target="Network"/>
      </Unit>
      <Unit filename="/home/wurmel_a/rendu/cpp_babel/Network/Serveur/Abstract/ISocket.h">
         <Option target="Network"/>
      </Unit>
      <Unit filename="/home/wurmel_a/rendu/cpp_babel/Network/Serveur/Abstract/ISocketAcceptor.h">
         <Option target="Network"/>
      </Unit>
      <Unit filename="/home/wurmel_a/rendu/cpp_babel/Network/Serveur/Server.cpp">
         <Option target="Network"/>
      </Unit>
      <Unit filename="/home/wurmel_a/rendu/cpp_babel/Network/Serveur/Server.h">
         <Option target="Network"/>
      </Unit>
      <Unit filename="/home/wurmel_a/rendu/cpp_babel/Network/Session/Channel.cpp">
         <Option target="Network"/>
      </Unit>
      <Unit filename="/home/wurmel_a/rendu/cpp_babel/Network/Session/Channel.h">
         <Option target="Network"/>
      </Unit>
      <Unit filename="/home/wurmel_a/rendu/cpp_babel/Network/Session/Message/Message.cpp">
         <Option target="Network"/>
      </Unit>
      <Unit filename="/home/wurmel_a/rendu/cpp_babel/Network/Session/Message/Message.h">
         <Option target="Network"/>
      </Unit>
      <Unit filename="/home/wurmel_a/rendu/cpp_babel/Network/Session/User.cpp">
         <Option target="Network"/>
      </Unit>
      <Unit filename="/home/wurmel_a/rendu/cpp_babel/Network/Session/User.h">
         <Option target="Network"/>
      </Unit>
      <Unit filename="/home/wurmel_a/rendu/cpp_babel/Network/main.cpp">
         <Option target="Network"/>
      </Unit>
      <Unit filename="/home/wurmel_a/rendu/cpp_babel/Network/CMakeLists.txt">
          <Option virtualFolder="CMake Files\" />
      </Unit>
   </Project>
</CodeBlocks_project_file>
